// !$*UTF8*$!
{
	archiveVersion = 1;
	classes = {
	};
	objectVersion = 48;
	objects = {

/* Begin PBXBuildFile section */
		A7EA102E203BCD8200086018 /* AppDelegate.swift in Sources */ = {isa = PBXBuildFile; fileRef = A7EA102D203BCD8200086018 /* AppDelegate.swift */; };
		A7EA1030203BCD8200086018 /* ViewController.swift in Sources */ = {isa = PBXBuildFile; fileRef = A7EA102F203BCD8200086018 /* ViewController.swift */; };
		A7EA1033203BCD8200086018 /* Main.storyboard in Resources */ = {isa = PBXBuildFile; fileRef = A7EA1031203BCD8200086018 /* Main.storyboard */; };
		A7EA1036203BCD8200086018 /* CustomCamera.xcdatamodeld in Sources */ = {isa = PBXBuildFile; fileRef = A7EA1034203BCD8200086018 /* CustomCamera.xcdatamodeld */; };
		A7EA1038203BCD8200086018 /* Assets.xcassets in Resources */ = {isa = PBXBuildFile; fileRef = A7EA1037203BCD8200086018 /* Assets.xcassets */; };
		A7EA103B203BCD8200086018 /* LaunchScreen.storyboard in Resources */ = {isa = PBXBuildFile; fileRef = A7EA1039203BCD8200086018 /* LaunchScreen.storyboard */; };
		A7EA1046203BCD8300086018 /* CustomCameraTests.swift in Sources */ = {isa = PBXBuildFile; fileRef = A7EA1045203BCD8300086018 /* CustomCameraTests.swift */; };
		A7EA1051203BCD8300086018 /* CustomCameraUITests.swift in Sources */ = {isa = PBXBuildFile; fileRef = A7EA1050203BCD8300086018 /* CustomCameraUITests.swift */; };
		A7EA105F203BCEF200086018 /* PhotoViewController.swift in Sources */ = {isa = PBXBuildFile; fileRef = A7EA105E203BCEF200086018 /* PhotoViewController.swift */; };
/* End PBXBuildFile section */

/* Begin PBXContainerItemProxy section */
		A7EA1042203BCD8300086018 /* PBXContainerItemProxy */ = {
			isa = PBXContainerItemProxy;
			containerPortal = A7EA1022203BCD8200086018 /* Project object */;
			proxyType = 1;
			remoteGlobalIDString = A7EA1029203BCD8200086018;
			remoteInfo = CustomCamera;
		};
		A7EA104D203BCD8300086018 /* PBXContainerItemProxy */ = {
			isa = PBXContainerItemProxy;
			containerPortal = A7EA1022203BCD8200086018 /* Project object */;
			proxyType = 1;
			remoteGlobalIDString = A7EA1029203BCD8200086018;
			remoteInfo = CustomCamera;
		};
/* End PBXContainerItemProxy section */

/* Begin PBXFileReference section */
		A7EA102A203BCD8200086018 /* CustomCamera.app */ = {isa = PBXFileReference; explicitFileType = wrapper.application; includeInIndex = 0; path = CustomCamera.app; sourceTree = BUILT_PRODUCTS_DIR; };
		A7EA102D203BCD8200086018 /* AppDelegate.swift */ = {isa = PBXFileReference; lastKnownFileType = sourcecode.swift; path = AppDelegate.swift; sourceTree = "<group>"; };
		A7EA102F203BCD8200086018 /* ViewController.swift */ = {isa = PBXFileReference; lastKnownFileType = sourcecode.swift; path = ViewController.swift; sourceTree = "<group>"; };
		A7EA1032203BCD8200086018 /* Base */ = {isa = PBXFileReference; lastKnownFileType = file.storyboard; name = Base; path = Base.lproj/Main.storyboard; sourceTree = "<group>"; };
		A7EA1035203BCD8200086018 /* CustomCamera.xcdatamodel */ = {isa = PBXFileReference; lastKnownFileType = wrapper.xcdatamodel; path = CustomCamera.xcdatamodel; sourceTree = "<group>"; };
		A7EA1037203BCD8200086018 /* Assets.xcassets */ = {isa = PBXFileReference; lastKnownFileType = folder.assetcatalog; path = Assets.xcassets; sourceTree = "<group>"; };
		A7EA103A203BCD8200086018 /* Base */ = {isa = PBXFileReference; lastKnownFileType = file.storyboard; name = Base; path = Base.lproj/LaunchScreen.storyboard; sourceTree = "<group>"; };
		A7EA103C203BCD8200086018 /* Info.plist */ = {isa = PBXFileReference; lastKnownFileType = text.plist.xml; path = Info.plist; sourceTree = "<group>"; };
		A7EA1041203BCD8300086018 /* CustomCameraTests.xctest */ = {isa = PBXFileReference; explicitFileType = wrapper.cfbundle; includeInIndex = 0; path = CustomCameraTests.xctest; sourceTree = BUILT_PRODUCTS_DIR; };
		A7EA1045203BCD8300086018 /* CustomCameraTests.swift */ = {isa = PBXFileReference; lastKnownFileType = sourcecode.swift; path = CustomCameraTests.swift; sourceTree = "<group>"; };
		A7EA1047203BCD8300086018 /* Info.plist */ = {isa = PBXFileReference; lastKnownFileType = text.plist.xml; path = Info.plist; sourceTree = "<group>"; };
		A7EA104C203BCD8300086018 /* CustomCameraUITests.xctest */ = {isa = PBXFileReference; explicitFileType = wrapper.cfbundle; includeInIndex = 0; path = CustomCameraUITests.xctest; sourceTree = BUILT_PRODUCTS_DIR; };
		A7EA1050203BCD8300086018 /* CustomCameraUITests.swift */ = {isa = PBXFileReference; lastKnownFileType = sourcecode.swift; path = CustomCameraUITests.swift; sourceTree = "<group>"; };
		A7EA1052203BCD8300086018 /* Info.plist */ = {isa = PBXFileReference; lastKnownFileType = text.plist.xml; path = Info.plist; sourceTree = "<group>"; };
		A7EA105E203BCEF200086018 /* PhotoViewController.swift */ = {isa = PBXFileReference; lastKnownFileType = sourcecode.swift; path = PhotoViewController.swift; sourceTree = "<group>"; };
/* End PBXFileReference section */

/* Begin PBXFrameworksBuildPhase section */
		A7EA1027203BCD8200086018 /* Frameworks */ = {
			isa = PBXFrameworksBuildPhase;
			buildActionMask = 2147483647;
			files = (
			);
			runOnlyForDeploymentPostprocessing = 0;
		};
		A7EA103E203BCD8300086018 /* Frameworks */ = {
			isa = PBXFrameworksBuildPhase;
			buildActionMask = 2147483647;
			files = (
			);
			runOnlyForDeploymentPostprocessing = 0;
		};
		A7EA1049203BCD8300086018 /* Frameworks */ = {
			isa = PBXFrameworksBuildPhase;
			buildActionMask = 2147483647;
			files = (
			);
			runOnlyForDeploymentPostprocessing = 0;
		};
/* End PBXFrameworksBuildPhase section */

/* Begin PBXGroup section */
		A7EA1021203BCD8200086018 = {
			isa = PBXGroup;
			children = (
				A7EA102C203BCD8200086018 /* CustomCamera */,
				A7EA1044203BCD8300086018 /* CustomCameraTests */,
				A7EA104F203BCD8300086018 /* CustomCameraUITests */,
				A7EA102B203BCD8200086018 /* Products */,
			);
			sourceTree = "<group>";
		};
		A7EA102B203BCD8200086018 /* Products */ = {
			isa = PBXGroup;
			children = (
				A7EA102A203BCD8200086018 /* CustomCamera.app */,
				A7EA1041203BCD8300086018 /* CustomCameraTests.xctest */,
				A7EA104C203BCD8300086018 /* CustomCameraUITests.xctest */,
			);
			name = Products;
			sourceTree = "<group>";
		};
		A7EA102C203BCD8200086018 /* CustomCamera */ = {
			isa = PBXGroup;
			children = (
				A7EA102D203BCD8200086018 /* AppDelegate.swift */,
				A7EA102F203BCD8200086018 /* ViewController.swift */,
				A7EA105E203BCEF200086018 /* PhotoViewController.swift */,
				A7EA1031203BCD8200086018 /* Main.storyboard */,
				A7EA1037203BCD8200086018 /* Assets.xcassets */,
				A7EA1039203BCD8200086018 /* LaunchScreen.storyboard */,
				A7EA103C203BCD8200086018 /* Info.plist */,
				A7EA1034203BCD8200086018 /* CustomCamera.xcdatamodeld */,
			);
			path = CustomCamera;
			sourceTree = "<group>";
		};
		A7EA1044203BCD8300086018 /* CustomCameraTests */ = {
			isa = PBXGroup;
			children = (
				A7EA1045203BCD8300086018 /* CustomCameraTests.swift */,
				A7EA1047203BCD8300086018 /* Info.plist */,
			);
			path = CustomCameraTests;
			sourceTree = "<group>";
		};
		A7EA104F203BCD8300086018 /* CustomCameraUITests */ = {
			isa = PBXGroup;
			children = (
				A7EA1050203BCD8300086018 /* CustomCameraUITests.swift */,
				A7EA1052203BCD8300086018 /* Info.plist */,
			);
			path = CustomCameraUITests;
			sourceTree = "<group>";
		};
/* End PBXGroup section */

/* Begin PBXNativeTarget section */
		A7EA1029203BCD8200086018 /* CustomCamera */ = {
			isa = PBXNativeTarget;
			buildConfigurationList = A7EA1055203BCD8300086018 /* Build configuration list for PBXNativeTarget "CustomCamera" */;
			buildPhases = (
				A7EA1026203BCD8200086018 /* Sources */,
				A7EA1027203BCD8200086018 /* Frameworks */,
				A7EA1028203BCD8200086018 /* Resources */,
			);
			buildRules = (
			);
			dependencies = (
			);
			name = CustomCamera;
			productName = CustomCamera;
			productReference = A7EA102A203BCD8200086018 /* CustomCamera.app */;
			productType = "com.apple.product-type.application";
		};
		A7EA1040203BCD8300086018 /* CustomCameraTests */ = {
			isa = PBXNativeTarget;
			buildConfigurationList = A7EA1058203BCD8300086018 /* Build configuration list for PBXNativeTarget "CustomCameraTests" */;
			buildPhases = (
				A7EA103D203BCD8300086018 /* Sources */,
				A7EA103E203BCD8300086018 /* Frameworks */,
				A7EA103F203BCD8300086018 /* Resources */,
			);
			buildRules = (
			);
			dependencies = (
				A7EA1043203BCD8300086018 /* PBXTargetDependency */,
			);
			name = CustomCameraTests;
			productName = CustomCameraTests;
			productReference = A7EA1041203BCD8300086018 /* CustomCameraTests.xctest */;
			productType = "com.apple.product-type.bundle.unit-test";
		};
		A7EA104B203BCD8300086018 /* CustomCameraUITests */ = {
			isa = PBXNativeTarget;
			buildConfigurationList = A7EA105B203BCD8300086018 /* Build configuration list for PBXNativeTarget "CustomCameraUITests" */;
			buildPhases = (
				A7EA1048203BCD8300086018 /* Sources */,
				A7EA1049203BCD8300086018 /* Frameworks */,
				A7EA104A203BCD8300086018 /* Resources */,
			);
			buildRules = (
			);
			dependencies = (
				A7EA104E203BCD8300086018 /* PBXTargetDependency */,
			);
			name = CustomCameraUITests;
			productName = CustomCameraUITests;
			productReference = A7EA104C203BCD8300086018 /* CustomCameraUITests.xctest */;
			productType = "com.apple.product-type.bundle.ui-testing";
		};
/* End PBXNativeTarget section */

/* Begin PBXProject section */
		A7EA1022203BCD8200086018 /* Project object */ = {
			isa = PBXProject;
			attributes = {
				LastSwiftUpdateCheck = 0920;
				LastUpgradeCheck = 0920;
				ORGANIZATIONNAME = "Joseph Ugowe";
				TargetAttributes = {
					A7EA1029203BCD8200086018 = {
						CreatedOnToolsVersion = 9.2;
						ProvisioningStyle = Automatic;
					};
					A7EA1040203BCD8300086018 = {
						CreatedOnToolsVersion = 9.2;
						ProvisioningStyle = Automatic;
						TestTargetID = A7EA1029203BCD8200086018;
					};
					A7EA104B203BCD8300086018 = {
						CreatedOnToolsVersion = 9.2;
						ProvisioningStyle = Automatic;
						TestTargetID = A7EA1029203BCD8200086018;
					};
				};
			};
			buildConfigurationList = A7EA1025203BCD8200086018 /* Build configuration list for PBXProject "CustomCamera" */;
			compatibilityVersion = "Xcode 8.0";
			developmentRegion = en;
			hasScannedForEncodings = 0;
			knownRegions = (
				en,
				Base,
			);
			mainGroup = A7EA1021203BCD8200086018;
			productRefGroup = A7EA102B203BCD8200086018 /* Products */;
			projectDirPath = "";
			projectRoot = "";
			targets = (
				A7EA1029203BCD8200086018 /* CustomCamera */,
				A7EA1040203BCD8300086018 /* CustomCameraTests */,
				A7EA104B203BCD8300086018 /* CustomCameraUITests */,
			);
		};
/* End PBXProject section */

/* Begin PBXResourcesBuildPhase section */
		A7EA1028203BCD8200086018 /* Resources */ = {
			isa = PBXResourcesBuildPhase;
			buildActionMask = 2147483647;
			files = (
				A7EA103B203BCD8200086018 /* LaunchScreen.storyboard in Resources */,
				A7EA1038203BCD8200086018 /* Assets.xcassets in Resources */,
				A7EA1033203BCD8200086018 /* Main.storyboard in Resources */,
			);
			runOnlyForDeploymentPostprocessing = 0;
		};
		A7EA103F203BCD8300086018 /* Resources */ = {
			isa = PBXResourcesBuildPhase;
			buildActionMask = 2147483647;
			files = (
			);
			runOnlyForDeploymentPostprocessing = 0;
		};
		A7EA104A203BCD8300086018 /* Resources */ = {
			isa = PBXResourcesBuildPhase;
			buildActionMask = 2147483647;
			files = (
			);
			runOnlyForDeploymentPostprocessing = 0;
		};
/* End PBXResourcesBuildPhase section */

/* Begin PBXSourcesBuildPhase section */
		A7EA1026203BCD8200086018 /* Sources */ = {
			isa = PBXSourcesBuildPhase;
			buildActionMask = 2147483647;
			files = (
				A7EA1030203BCD8200086018 /* ViewController.swift in Sources */,
				A7EA105F203BCEF200086018 /* PhotoViewController.swift in Sources */,
				A7EA1036203BCD8200086018 /* CustomCamera.xcdatamodeld in Sources */,
				A7EA102E203BCD8200086018 /* AppDelegate.swift in Sources */,
			);
			runOnlyForDeploymentPostprocessing = 0;
		};
		A7EA103D203BCD8300086018 /* Sources */ = {
			isa = PBXSourcesBuildPhase;
			buildActionMask = 2147483647;
			files = (
				A7EA1046203BCD8300086018 /* CustomCameraTests.swift in Sources */,
			);
			runOnlyForDeploymentPostprocessing = 0;
		};
		A7EA1048203BCD8300086018 /* Sources */ = {
			isa = PBXSourcesBuildPhase;
			buildActionMask = 2147483647;
			files = (
				A7EA1051203BCD8300086018 /* CustomCameraUITests.swift in Sources */,
			);
			runOnlyForDeploymentPostprocessing = 0;
		};
/* End PBXSourcesBuildPhase section */

/* Begin PBXTargetDependency section */
		A7EA1043203BCD8300086018 /* PBXTargetDependency */ = {
			isa = PBXTargetDependency;
			target = A7EA1029203BCD8200086018 /* CustomCamera */;
			targetProxy = A7EA1042203BCD8300086018 /* PBXContainerItemProxy */;
		};
		A7EA104E203BCD8300086018 /* PBXTargetDependency */ = {
			isa = PBXTargetDependency;
			target = A7EA1029203BCD8200086018 /* CustomCamera */;
			targetProxy = A7EA104D203BCD8300086018 /* PBXContainerItemProxy */;
		};
/* End PBXTargetDependency section */

/* Begin PBXVariantGroup section */
		A7EA1031203BCD8200086018 /* Main.storyboard */ = {
			isa = PBXVariantGroup;
			children = (
				A7EA1032203BCD8200086018 /* Base */,
			);
			name = Main.storyboard;
			sourceTree = "<group>";
		};
		A7EA1039203BCD8200086018 /* LaunchScreen.storyboard */ = {
			isa = PBXVariantGroup;
			children = (
				A7EA103A203BCD8200086018 /* Base */,
			);
			name = LaunchScreen.storyboard;
			sourceTree = "<group>";
		};
/* End PBXVariantGroup section */

/* Begin XCBuildConfiguration section */
		A7EA1053203BCD8300086018 /* Debug */ = {
			isa = XCBuildConfiguration;
			buildSettings = {
				ALWAYS_SEARCH_USER_PATHS = NO;
				CLANG_ANALYZER_NONNULL = YES;
				CLANG_ANALYZER_NUMBER_OBJECT_CONVERSION = YES_AGGRESSIVE;
				CLANG_CXX_LANGUAGE_STANDARD = "gnu++14";
				CLANG_CXX_LIBRARY = "libc++";
				CLANG_ENABLE_MODULES = YES;
				CLANG_ENABLE_OBJC_ARC = YES;
				CLANG_WARN_BLOCK_CAPTURE_AUTORELEASING = YES;
				CLANG_WARN_BOOL_CONVERSION = YES;
				CLANG_WARN_COMMA = YES;
				CLANG_WARN_CONSTANT_CONVERSION = YES;
				CLANG_WARN_DIRECT_OBJC_ISA_USAGE = YES_ERROR;
				CLANG_WARN_DOCUMENTATION_COMMENTS = YES;
				CLANG_WARN_EMPTY_BODY = YES;
				CLANG_WARN_ENUM_CONVERSION = YES;
				CLANG_WARN_INFINITE_RECURSION = YES;
				CLANG_WARN_INT_CONVERSION = YES;
				CLANG_WARN_NON_LITERAL_NULL_CONVERSION = YES;
				CLANG_WARN_OBJC_LITERAL_CONVERSION = YES;
				CLANG_WARN_OBJC_ROOT_CLASS = YES_ERROR;
				CLANG_WARN_RANGE_LOOP_ANALYSIS = YES;
				CLANG_WARN_STRICT_PROTOTYPES = YES;
				CLANG_WARN_SUSPICIOUS_MOVE = YES;
				CLANG_WARN_UNGUARDED_AVAILABILITY = YES_AGGRESSIVE;
				CLANG_WARN_UNREACHABLE_CODE = YES;
				CLANG_WARN__DUPLICATE_METHOD_MATCH = YES;
				CODE_SIGN_IDENTITY = "iPhone Developer";
				COPY_PHASE_STRIP = NO;
				DEBUG_INFORMATION_FORMAT = dwarf;
				ENABLE_STRICT_OBJC_MSGSEND = YES;
				ENABLE_TESTABILITY = YES;
				GCC_C_LANGUAGE_STANDARD = gnu11;
				GCC_DYNAMIC_NO_PIC = NO;
				GCC_NO_COMMON_BLOCKS = YES;
				GCC_OPTIMIZATION_LEVEL = 0;
				GCC_PREPROCESSOR_DEFINITIONS = (
					"DEBUG=1",
					"$(inherited)",
				);
				GCC_WARN_64_TO_32_BIT_CONVERSION = YES;
				GCC_WARN_ABOUT_RETURN_TYPE = YES_ERROR;
				GCC_WARN_UNDECLARED_SELECTOR = YES;
				GCC_WARN_UNINITIALIZED_AUTOS = YES_AGGRESSIVE;
				GCC_WARN_UNUSED_FUNCTION = YES;
				GCC_WARN_UNUSED_VARIABLE = YES;
				IPHONEOS_DEPLOYMENT_TARGET = 11.2;
				MTL_ENABLE_DEBUG_INFO = YES;
				ONLY_ACTIVE_ARCH = YES;
				SDKROOT = iphoneos;
				SWIFT_ACTIVE_COMPILATION_CONDITIONS = DEBUG;
				SWIFT_OPTIMIZATION_LEVEL = "-Onone";
			};
			name = Debug;
		};
		A7EA1054203BCD8300086018 /* Release */ = {
			isa = XCBuildConfiguration;
			buildSettings = {
				ALWAYS_SEARCH_USER_PATHS = NO;
				CLANG_ANALYZER_NONNULL = YES;
				CLANG_ANALYZER_NUMBER_OBJECT_CONVERSION = YES_AGGRESSIVE;
				CLANG_CXX_LANGUAGE_STANDARD = "gnu++14";
				CLANG_CXX_LIBRARY = "libc++";
				CLANG_ENABLE_MODULES = YES;
				CLANG_ENABLE_OBJC_ARC = YES;
				CLANG_WARN_BLOCK_CAPTURE_AUTORELEASING = YES;
				CLANG_WARN_BOOL_CONVERSION = YES;
				CLANG_WARN_COMMA = YES;
				CLANG_WARN_CONSTANT_CONVERSION = YES;
				CLANG_WARN_DIRECT_OBJC_ISA_USAGE = YES_ERROR;
				CLANG_WARN_DOCUMENTATION_COMMENTS = YES;
				CLANG_WARN_EMPTY_BODY = YES;
				CLANG_WARN_ENUM_CONVERSION = YES;
				CLANG_WARN_INFINITE_RECURSION = YES;
				CLANG_WARN_INT_CONVERSION = YES;
				CLANG_WARN_NON_LITERAL_NULL_CONVERSION = YES;
				CLANG_WARN_OBJC_LITERAL_CONVERSION = YES;
				CLANG_WARN_OBJC_ROOT_CLASS = YES_ERROR;
				CLANG_WARN_RANGE_LOOP_ANALYSIS = YES;
				CLANG_WARN_STRICT_PROTOTYPES = YES;
				CLANG_WARN_SUSPICIOUS_MOVE = YES;
				CLANG_WARN_UNGUARDED_AVAILABILITY = YES_AGGRESSIVE;
				CLANG_WARN_UNREACHABLE_CODE = YES;
				CLANG_WARN__DUPLICATE_METHOD_MATCH = YES;
				CODE_SIGN_IDENTITY = "iPhone Developer";
				COPY_PHASE_STRIP = NO;
				DEBUG_INFORMATION_FORMAT = "dwarf-with-dsym";
				ENABLE_NS_ASSERTIONS = NO;
				ENABLE_STRICT_OBJC_MSGSEND = YES;
				GCC_C_LANGUAGE_STANDARD = gnu11;
				GCC_NO_COMMON_BLOCKS = YES;
				GCC_WARN_64_TO_32_BIT_CONVERSION = YES;
				GCC_WARN_ABOUT_RETURN_TYPE = YES_ERROR;
				GCC_WARN_UNDECLARED_SELECTOR = YES;
				GCC_WARN_UNINITIALIZED_AUTOS = YES_AGGRESSIVE;
				GCC_WARN_UNUSED_FUNCTION = YES;
				GCC_WARN_UNUSED_VARIABLE = YES;
				IPHONEOS_DEPLOYMENT_TARGET = 11.2;
				MTL_ENABLE_DEBUG_INFO = NO;
				SDKROOT = iphoneos;
				SWIFT_OPTIMIZATION_LEVEL = "-Owholemodule";
				VALIDATE_PRODUCT = YES;
			};
			name = Release;
		};
		A7EA1056203BCD8300086018 /* Debug */ = {
			isa = XCBuildConfiguration;
			buildSettings = {
				ASSETCATALOG_COMPILER_APPICON_NAME = AppIcon;
				CODE_SIGN_STYLE = Automatic;
				DEVELOPMENT_TEAM = 35H4MHLESW;
				INFOPLIST_FILE = CustomCamera/Info.plist;
				LD_RUNPATH_SEARCH_PATHS = "$(inherited) @executable_path/Frameworks";
				PRODUCT_BUNDLE_IDENTIFIER = JEU.CustomCamera;
				PRODUCT_NAME = "$(TARGET_NAME)";
				SWIFT_VERSION = 4.0;
				TARGETED_DEVICE_FAMILY = "1,2";
			};
			name = Debug;
		};
		A7EA1057203BCD8300086018 /* Release */ = {
			isa = XCBuildConfiguration;
			buildSettings = {
				ASSETCATALOG_COMPILER_APPICON_NAME = AppIcon;
				CODE_SIGN_STYLE = Automatic;
				DEVELOPMENT_TEAM = 35H4MHLESW;
				INFOPLIST_FILE = CustomCamera/Info.plist;
				LD_RUNPATH_SEARCH_PATHS = "$(inherited) @executable_path/Frameworks";
				PRODUCT_BUNDLE_IDENTIFIER = JEU.CustomCamera;
				PRODUCT_NAME = "$(TARGET_NAME)";
				SWIFT_VERSION = 4.0;
				TARGETED_DEVICE_FAMILY = "1,2";
			};
			name = Release;
		};
		A7EA1059203BCD8300086018 /* Debug */ = {
			isa = XCBuildConfiguration;
			buildSettings = {
				ALWAYS_EMBED_SWIFT_STANDARD_LIBRARIES = YES;
				BUNDLE_LOADER = "$(TEST_HOST)";
				CODE_SIGN_STYLE = Automatic;
				DEVELOPMENT_TEAM = 35H4MHLESW;
				INFOPLIST_FILE = CustomCameraTests/Info.plist;
				LD_RUNPATH_SEARCH_PATHS = "$(inherited) @executable_path/Frameworks @loader_path/Frameworks";
				PRODUCT_BUNDLE_IDENTIFIER = JEU.CustomCameraTests;
				PRODUCT_NAME = "$(TARGET_NAME)";
				SWIFT_VERSION = 4.0;
				TARGETED_DEVICE_FAMILY = "1,2";
				TEST_HOST = "$(BUILT_PRODUCTS_DIR)/CustomCamera.app/CustomCamera";
			};
			name = Debug;
		};
		A7EA105A203BCD8300086018 /* Release */ = {
			isa = XCBuildConfiguration;
			buildSettings = {
				ALWAYS_EMBED_SWIFT_STANDARD_LIBRARIES = YES;
				BUNDLE_LOADER = "$(TEST_HOST)";
				CODE_SIGN_STYLE = Automatic;
				DEVELOPMENT_TEAM = 35H4MHLESW;
				INFOPLIST_FILE = CustomCameraTests/Info.plist;
				LD_RUNPATH_SEARCH_PATHS = "$(inherited) @executable_path/Frameworks @loader_path/Frameworks";
				PRODUCT_BUNDLE_IDENTIFIER = JEU.CustomCameraTests;
				PRODUCT_NAME = "$(TARGET_NAME)";
				SWIFT_VERSION = 4.0;
				TARGETED_DEVICE_FAMILY = "1,2";
				TEST_HOST = "$(BUILT_PRODUCTS_DIR)/CustomCamera.app/CustomCamera";
			};
			name = Release;
		};
		A7EA105C203BCD8300086018 /* Debug */ = {
			isa = XCBuildConfiguration;
			buildSettings = {
				ALWAYS_EMBED_SWIFT_STANDARD_LIBRARIES = YES;
				CODE_SIGN_STYLE = Automatic;
				DEVELOPMENT_TEAM = 35H4MHLESW;
				INFOPLIST_FILE = CustomCameraUITests/Info.plist;
				LD_RUNPATH_SEARCH_PATHS = "$(inherited) @executable_path/Frameworks @loader_path/Frameworks";
				PRODUCT_BUNDLE_IDENTIFIER = JEU.CustomCameraUITests;
				PRODUCT_NAME = "$(TARGET_NAME)";
				SWIFT_VERSION = 4.0;
				TARGETED_DEVICE_FAMILY = "1,2";
				TEST_TARGET_NAME = CustomCamera;
			};
			name = Debug;
		};
		A7EA105D203BCD8300086018 /* Release */ = {
			isa = XCBuildConfiguration;
			buildSettings = {
				ALWAYS_EMBED_SWIFT_STANDARD_LIBRARIES = YES;
				CODE_SIGN_STYLE = Automatic;
				DEVELOPMENT_TEAM = 35H4MHLESW;
				INFOPLIST_FILE = CustomCameraUITests/Info.plist;
				LD_RUNPATH_SEARCH_PATHS = "$(inherited) @executable_path/Frameworks @loader_path/Frameworks";
				PRODUCT_BUNDLE_IDENTIFIER = JEU.CustomCameraUITests;
				PRODUCT_NAME = "$(TARGET_NAME)";
				SWIFT_VERSION = 4.0;
				TARGETED_DEVICE_FAMILY = "1,2";
				TEST_TARGET_NAME = CustomCamera;
			};
			name = Release;
		};
/* End XCBuildConfiguration section */

/* Begin XCConfigurationList section */
		A7EA1025203BCD8200086018 /* Build configuration list for PBXProject "CustomCamera" */ = {
			isa = XCConfigurationList;
			buildConfigurations = (
				A7EA1053203BCD8300086018 /* Debug */,
				A7EA1054203BCD8300086018 /* Release */,
			);
			defaultConfigurationIsVisible = 0;
			defaultConfigurationName = Release;
		};
		A7EA1055203BCD8300086018 /* Build configuration list for PBXNativeTarget "CustomCamera" */ = {
			isa = XCConfigurationList;
			buildConfigurations = (
				A7EA1056203BCD8300086018 /* Debug */,
				A7EA1057203BCD8300086018 /* Release */,
			);
			defaultConfigurationIsVisible = 0;
			defaultConfigurationName = Release;
		};
		A7EA1058203BCD8300086018 /* Build configuration list for PBXNativeTarget "CustomCameraTests" */ = {
			isa = XCConfigurationList;
			buildConfigurations = (
				A7EA1059203BCD8300086018 /* Debug */,
				A7EA105A203BCD8300086018 /* Release */,
			);
			defaultConfigurationIsVisible = 0;
			defaultConfigurationName = Release;
		};
		A7EA105B203BCD8300086018 /* Build configuration list for PBXNativeTarget "CustomCameraUITests" */ = {
			isa = XCConfigurationList;
			buildConfigurations = (
				A7EA105C203BCD8300086018 /* Debug */,
				A7EA105D203BCD8300086018 /* Release */,
			);
			defaultConfigurationIsVisible = 0;
			defaultConfigurationName = Release;
		};
/* End XCConfigurationList section */

/* Begin XCVersionGroup section */
		A7EA1034203BCD8200086018 /* CustomCamera.xcdatamodeld */ = {
			isa = XCVersionGroup;
			children = (
				A7EA1035203BCD8200086018 /* CustomCamera.xcdatamodel */,
			);
			currentVersion = A7EA1035203BCD8200086018 /* CustomCamera.xcdatamodel */;
			path = CustomCamera.xcdatamodeld;
			sourceTree = "<group>";
			versionGroupType = wrapper.xcdatamodel;
		};
/* End XCVersionGroup section */
	};
	rootObject = A7EA1022203BCD8200086018 /* Project object */;
}
